{
  "name": "vehicles",
  "lockfileVersion": 3,
  "requires": true,
  "packages": {
    "": {
      "dependencies": {
        "p5": "^1.7.0"
      }
    },
    "node_modules/p5": {
      "version": "1.7.0",
      "resolved": "https://registry.npmjs.org/p5/-/p5-1.7.0.tgz",
      "integrity": "sha512-qrbT/44Dwm63ZtOKX/mp61pw+5yj6ijYLOmRv7p6zcfjbo83Vb0gVFEvW0kTLFu7hceWCig0HONo9F1bSlqbsQ=="
    }
  }
}
